
Microsoft Visual Studio Solution File, Format Version 12.00
# Visual Studio Version 16
VisualStudioVersion = 16.0.29613.14
MinimumVisualStudioVersion = 10.0.40219.1
Project("{D2ABAB84-BF74-430A-B69E-9DC6D40DDA17}") = "SEEB_DW", "MultidimensionalProject1\SEEB_DW.dwproj", "{38E8C35A-6790-43FB-825B-74326227416E}"
EndProject
Global
	GlobalSection(SolutionConfigurationPlatforms) = preSolution
		Development|Default = Development|Default
	EndGlobalSection
	GlobalSection(ProjectConfigurationPlatforms) = postSolution
		{38E8C35A-6790-43FB-825B-74326227416E}.Development|Default.ActiveCfg = Development
		{38E8C35A-6790-43FB-825B-74326227416E}.Development|Default.Build.0 = Development
		{38E8C35A-6790-43FB-825B-74326227416E}.Development|Default.Deploy.0 = Development
	EndGlobalSection
	GlobalSection(SolutionProperties) = preSolution
		HideSolutionNode = FALSE
	EndGlobalSection
	GlobalSection(ExtensibilityGlobals) = postSolution
		SolutionGuid = {614FD36E-DDDF-4EC5-BBE5-9D8C388C9E4B}
	EndGlobalSection
EndGlobal
